github.com/darenliang/jikan-go v1.1.0 h1:3M038c6c+QW5tKsKho0q6ljm9CrhjHSbmrbqgp5m+Dg=
github.com/darenliang/jikan-go v1.1.0/go.mod h1:rv7ksvNqc1b0UK7mf1Uc3swPToJXd9EZQLz5C38jk9Q=
github.com/gregdel/pushover v0.0.0-20190217183207-15d3fef40636 h1:6agUllU8gUNAallyB+afeLXMRLL6Q1z+S6YC7Pi1EIY=
github.com/gregdel/pushover v0.0.0-20190217183207-15d3fef40636/go.mod h1:NbuXd8Iwy5dU99qFToB8mSE29qJOQNW/bphiV8CWj/k=
github.com/hekmon/hllogger v1.0.0 h1:3u7SlstLAK34hOdnVzZlyhixnU78NjyIX2IMQzs9ZkE=
github.com/hekmon/hllogger v1.0.0/go.mod h1:Tc7ICZV8BTIv2lwviaawXM1KGtzxdD8BpqMhJc3ZJ64=
github.com/hekmon/pushover/v2 v2.1.0 h1:AYaazy2f5A6j92JRDYoKgvjJnm9IBs6VGR+NTiZ2Klg=
github.com/hekmon/pushover/v2 v2.1.0/go.mod h1:JLvNWxRO70bPCFcmWg/HYNMaz3197Z1uk0a+ApfIuS8=
github.com/iguanesolutions/go-systemd v3.1.2+incompatible h1:QnNl/NC+VdploFvtuQGw0ojUr/aq09V7zkeOPbZYRfE=
github.com/iguanesolutions/go-systemd v3.1.2+incompatible/go.mod h1:MskwCpiNIfdFBijhT66rZOSMDdv6FNG5A+eXDHWvFRc=
